
Microsoft Visual Studio Solution File, Format Version 12.00
# Visual Studio Version 17
VisualStudioVersion = 17.11.35219.272
MinimumVisualStudioVersion = 10.0.40219.1
Project("{9A19103F-16F7-4668-BE54-9A1E7A4F7556}") = "Train on social PL", "Train on social\Train on social PL.csproj", "{47265996-5EF9-4EE0-B795-F6DB339F84EE}"
EndProject
Project("{FAE04EC0-301F-11D3-BF4B-00C04F79EFBC}") = "DAL", "DAL\DAL.csproj", "{DB9F83AE-5B5E-444D-823C-4E62B2FDE12C}"
EndProject
Project("{FAE04EC0-301F-11D3-BF4B-00C04F79EFBC}") = "BLL", "BLL\BLL.csproj", "{D09F78A3-A63F-4E89-90D4-29263E709105}"
EndProject
Global
	GlobalSection(SolutionConfigurationPlatforms) = preSolution
		Debug|Any CPU = Debug|Any CPU
		Release|Any CPU = Release|Any CPU
	EndGlobalSection
	GlobalSection(ProjectConfigurationPlatforms) = postSolution
		{47265996-5EF9-4EE0-B795-F6DB339F84EE}.Debug|Any CPU.ActiveCfg = Debug|Any CPU
		{47265996-5EF9-4EE0-B795-F6DB339F84EE}.Debug|Any CPU.Build.0 = Debug|Any CPU
		{47265996-5EF9-4EE0-B795-F6DB339F84EE}.Release|Any CPU.ActiveCfg = Release|Any CPU
		{47265996-5EF9-4EE0-B795-F6DB339F84EE}.Release|Any CPU.Build.0 = Release|Any CPU
		{DB9F83AE-5B5E-444D-823C-4E62B2FDE12C}.Debug|Any CPU.ActiveCfg = Debug|Any CPU
		{DB9F83AE-5B5E-444D-823C-4E62B2FDE12C}.Debug|Any CPU.Build.0 = Debug|Any CPU
		{DB9F83AE-5B5E-444D-823C-4E62B2FDE12C}.Release|Any CPU.ActiveCfg = Release|Any CPU
		{DB9F83AE-5B5E-444D-823C-4E62B2FDE12C}.Release|Any CPU.Build.0 = Release|Any CPU
		{D09F78A3-A63F-4E89-90D4-29263E709105}.Debug|Any CPU.ActiveCfg = Debug|Any CPU
		{D09F78A3-A63F-4E89-90D4-29263E709105}.Debug|Any CPU.Build.0 = Debug|Any CPU
		{D09F78A3-A63F-4E89-90D4-29263E709105}.Release|Any CPU.ActiveCfg = Release|Any CPU
		{D09F78A3-A63F-4E89-90D4-29263E709105}.Release|Any CPU.Build.0 = Release|Any CPU
	EndGlobalSection
	GlobalSection(SolutionProperties) = preSolution
		HideSolutionNode = FALSE
	EndGlobalSection
	GlobalSection(ExtensibilityGlobals) = postSolution
		SolutionGuid = {80AE9DF5-ECBA-48AD-9188-1832912773AD}
	EndGlobalSection
EndGlobal
